// !$*UTF8*$!
{
	archiveVersion = 1;
	classes = {
	};
	objectVersion = 56;
	objects = {

/* Begin PBXBuildFile section */
		3F4B2FBC2BC1934E00213C64 /* QuestionViewController.swift in Sources */ = {isa = PBXBuildFile; fileRef = 3F4B2FBB2BC1934E00213C64 /* QuestionViewController.swift */; };
		3F4B2FBE2BC1936E00213C64 /* ResultViewController.swift in Sources */ = {isa = PBXBuildFile; fileRef = 3F4B2FBD2BC1936E00213C64 /* ResultViewController.swift */; };
		3F4B2FC02BC1963900213C64 /* QuestionData.swift in Sources */ = {isa = PBXBuildFile; fileRef = 3F4B2FBF2BC1963900213C64 /* QuestionData.swift */; };
		3F8A1B2A2BC183FA001C17BD /* AppDelegate.swift in Sources */ = {isa = PBXBuildFile; fileRef = 3F8A1B292BC183FA001C17BD /* AppDelegate.swift */; };
		3F8A1B2C2BC183FA001C17BD /* SceneDelegate.swift in Sources */ = {isa = PBXBuildFile; fileRef = 3F8A1B2B2BC183FA001C17BD /* SceneDelegate.swift */; };
		3F8A1B2E2BC183FA001C17BD /* InroductionViewController.swift in Sources */ = {isa = PBXBuildFile; fileRef = 3F8A1B2D2BC183FA001C17BD /* InroductionViewController.swift */; };
		3F8A1B312BC183FA001C17BD /* Base in Resources */ = {isa = PBXBuildFile; fileRef = 3F8A1B302BC183FA001C17BD /* Base */; };
		3F8A1B332BC183FC001C17BD /* Assets.xcassets in Resources */ = {isa = PBXBuildFile; fileRef = 3F8A1B322BC183FC001C17BD /* Assets.xcassets */; };
		3F8A1B362BC183FC001C17BD /* Base in Resources */ = {isa = PBXBuildFile; fileRef = 3F8A1B352BC183FC001C17BD /* Base */; };
/* End PBXBuildFile section */

/* Begin PBXFileReference section */
		3F4B2FBB2BC1934E00213C64 /* QuestionViewController.swift */ = {isa = PBXFileReference; lastKnownFileType = sourcecode.swift; path = QuestionViewController.swift; sourceTree = "<group>"; };
		3F4B2FBD2BC1936E00213C64 /* ResultViewController.swift */ = {isa = PBXFileReference; lastKnownFileType = sourcecode.swift; path = ResultViewController.swift; sourceTree = "<group>"; };
		3F4B2FBF2BC1963900213C64 /* QuestionData.swift */ = {isa = PBXFileReference; lastKnownFileType = sourcecode.swift; path = QuestionData.swift; sourceTree = "<group>"; };
		3F8A1B262BC183FA001C17BD /* Guided Project - Personality Quiz.app */ = {isa = PBXFileReference; explicitFileType = wrapper.application; includeInIndex = 0; path = "Guided Project - Personality Quiz.app"; sourceTree = BUILT_PRODUCTS_DIR; };
		3F8A1B292BC183FA001C17BD /* AppDelegate.swift */ = {isa = PBXFileReference; lastKnownFileType = sourcecode.swift; path = AppDelegate.swift; sourceTree = "<group>"; };
		3F8A1B2B2BC183FA001C17BD /* SceneDelegate.swift */ = {isa = PBXFileReference; lastKnownFileType = sourcecode.swift; path = SceneDelegate.swift; sourceTree = "<group>"; };
		3F8A1B2D2BC183FA001C17BD /* InroductionViewController.swift */ = {isa = PBXFileReference; lastKnownFileType = sourcecode.swift; path = InroductionViewController.swift; sourceTree = "<group>"; };
		3F8A1B302BC183FA001C17BD /* Base */ = {isa = PBXFileReference; lastKnownFileType = file.storyboard; name = Base; path = Base.lproj/Main.storyboard; sourceTree = "<group>"; };
		3F8A1B322BC183FC001C17BD /* Assets.xcassets */ = {isa = PBXFileReference; lastKnownFileType = folder.assetcatalog; path = Assets.xcassets; sourceTree = "<group>"; };
		3F8A1B352BC183FC001C17BD /* Base */ = {isa = PBXFileReference; lastKnownFileType = file.storyboard; name = Base; path = Base.lproj/LaunchScreen.storyboard; sourceTree = "<group>"; };
		3F8A1B372BC183FC001C17BD /* Info.plist */ = {isa = PBXFileReference; lastKnownFileType = text.plist.xml; path = Info.plist; sourceTree = "<group>"; };
/* End PBXFileReference section */

/* Begin PBXFrameworksBuildPhase section */
		3F8A1B232BC183FA001C17BD /* Frameworks */ = {
			isa = PBXFrameworksBuildPhase;
			buildActionMask = 2147483647;
			files = (
			);
			runOnlyForDeploymentPostprocessing = 0;
		};
/* End PBXFrameworksBuildPhase section */

/* Begin PBXGroup section */
		3F8A1B1D2BC183FA001C17BD = {
			isa = PBXGroup;
			children = (
				3F8A1B282BC183FA001C17BD /* Guided Project - Personality Quiz */,
				3F8A1B272BC183FA001C17BD /* Products */,
			);
			sourceTree = "<group>";
		};
		3F8A1B272BC183FA001C17BD /* Products */ = {
			isa = PBXGroup;
			children = (
				3F8A1B262BC183FA001C17BD /* Guided Project - Personality Quiz.app */,
			);
			name = Products;
			sourceTree = "<group>";
		};
		3F8A1B282BC183FA001C17BD /* Guided Project - Personality Quiz */ = {
			isa = PBXGroup;
			children = (
				3F8A1B292BC183FA001C17BD /* AppDelegate.swift */,
				3F8A1B2B2BC183FA001C17BD /* SceneDelegate.swift */,
				3F8A1B2D2BC183FA001C17BD /* InroductionViewController.swift */,
				3F8A1B2F2BC183FA001C17BD /* Main.storyboard */,
				3F4B2FBF2BC1963900213C64 /* QuestionData.swift */,
				3F8A1B322BC183FC001C17BD /* Assets.xcassets */,
				3F8A1B342BC183FC001C17BD /* LaunchScreen.storyboard */,
				3F8A1B372BC183FC001C17BD /* Info.plist */,
				3F4B2FBB2BC1934E00213C64 /* QuestionViewController.swift */,
				3F4B2FBD2BC1936E00213C64 /* ResultViewController.swift */,
			);
			path = "Guided Project - Personality Quiz";
			sourceTree = "<group>";
		};
/* End PBXGroup section */

/* Begin PBXNativeTarget section */
		3F8A1B252BC183FA001C17BD /* Guided Project - Personality Quiz */ = {
			isa = PBXNativeTarget;
			buildConfigurationList = 3F8A1B3A2BC183FC001C17BD /* Build configuration list for PBXNativeTarget "Guided Project - Personality Quiz" */;
			buildPhases = (
				3F8A1B222BC183FA001C17BD /* Sources */,
				3F8A1B232BC183FA001C17BD /* Frameworks */,
				3F8A1B242BC183FA001C17BD /* Resources */,
			);
			buildRules = (
			);
			dependencies = (
			);
			name = "Guided Project - Personality Quiz";
			productName = "Guided Project - Personality Quiz";
			productReference = 3F8A1B262BC183FA001C17BD /* Guided Project - Personality Quiz.app */;
			productType = "com.apple.product-type.application";
		};
/* End PBXNativeTarget section */

/* Begin PBXProject section */
		3F8A1B1E2BC183FA001C17BD /* Project object */ = {
			isa = PBXProject;
			attributes = {
				BuildIndependentTargetsInParallel = 1;
				LastSwiftUpdateCheck = 1530;
				LastUpgradeCheck = 1530;
				TargetAttributes = {
					3F8A1B252BC183FA001C17BD = {
						CreatedOnToolsVersion = 15.3;
					};
				};
			};
			buildConfigurationList = 3F8A1B212BC183FA001C17BD /* Build configuration list for PBXProject "Guided Project - Personality Quiz" */;
			compatibilityVersion = "Xcode 14.0";
			developmentRegion = en;
			hasScannedForEncodings = 0;
			knownRegions = (
				en,
				Base,
			);
			mainGroup = 3F8A1B1D2BC183FA001C17BD;
			productRefGroup = 3F8A1B272BC183FA001C17BD /* Products */;
			projectDirPath = "";
			projectRoot = "";
			targets = (
				3F8A1B252BC183FA001C17BD /* Guided Project - Personality Quiz */,
			);
		};
/* End PBXProject section */

/* Begin PBXResourcesBuildPhase section */
		3F8A1B242BC183FA001C17BD /* Resources */ = {
			isa = PBXResourcesBuildPhase;
			buildActionMask = 2147483647;
			files = (
				3F8A1B332BC183FC001C17BD /* Assets.xcassets in Resources */,
				3F8A1B362BC183FC001C17BD /* Base in Resources */,
				3F8A1B312BC183FA001C17BD /* Base in Resources */,
			);
			runOnlyForDeploymentPostprocessing = 0;
		};
/* End PBXResourcesBuildPhase section */

/* Begin PBXSourcesBuildPhase section */
		3F8A1B222BC183FA001C17BD /* Sources */ = {
			isa = PBXSourcesBuildPhase;
			buildActionMask = 2147483647;
			files = (
				3F4B2FBE2BC1936E00213C64 /* ResultViewController.swift in Sources */,
				3F8A1B2E2BC183FA001C17BD /* InroductionViewController.swift in Sources */,
				3F8A1B2A2BC183FA001C17BD /* AppDelegate.swift in Sources */,
				3F4B2FC02BC1963900213C64 /* QuestionData.swift in Sources */,
				3F4B2FBC2BC1934E00213C64 /* QuestionViewController.swift in Sources */,
				3F8A1B2C2BC183FA001C17BD /* SceneDelegate.swift in Sources */,
			);
			runOnlyForDeploymentPostprocessing = 0;
		};
/* End PBXSourcesBuildPhase section */

/* Begin PBXVariantGroup section */
		3F8A1B2F2BC183FA001C17BD /* Main.storyboard */ = {
			isa = PBXVariantGroup;
			children = (
				3F8A1B302BC183FA001C17BD /* Base */,
			);
			name = Main.storyboard;
			sourceTree = "<group>";
		};
		3F8A1B342BC183FC001C17BD /* LaunchScreen.storyboard */ = {
			isa = PBXVariantGroup;
			children = (
				3F8A1B352BC183FC001C17BD /* Base */,
			);
			name = LaunchScreen.storyboard;
			sourceTree = "<group>";
		};
/* End PBXVariantGroup section */

/* Begin XCBuildConfiguration section */
		3F8A1B382BC183FC001C17BD /* Debug */ = {
			isa = XCBuildConfiguration;
			buildSettings = {
				ALWAYS_SEARCH_USER_PATHS = NO;
				ASSETCATALOG_COMPILER_GENERATE_SWIFT_ASSET_SYMBOL_EXTENSIONS = YES;
				CLANG_ANALYZER_NONNULL = YES;
				CLANG_ANALYZER_NUMBER_OBJECT_CONVERSION = YES_AGGRESSIVE;
				CLANG_CXX_LANGUAGE_STANDARD = "gnu++20";
				CLANG_ENABLE_MODULES = YES;
				CLANG_ENABLE_OBJC_ARC = YES;
				CLANG_ENABLE_OBJC_WEAK = YES;
				CLANG_WARN_BLOCK_CAPTURE_AUTORELEASING = YES;
				CLANG_WARN_BOOL_CONVERSION = YES;
				CLANG_WARN_COMMA = YES;
				CLANG_WARN_CONSTANT_CONVERSION = YES;
				CLANG_WARN_DEPRECATED_OBJC_IMPLEMENTATIONS = YES;
				CLANG_WARN_DIRECT_OBJC_ISA_USAGE = YES_ERROR;
				CLANG_WARN_DOCUMENTATION_COMMENTS = YES;
				CLANG_WARN_EMPTY_BODY = YES;
				CLANG_WARN_ENUM_CONVERSION = YES;
				CLANG_WARN_INFINITE_RECURSION = YES;
				CLANG_WARN_INT_CONVERSION = YES;
				CLANG_WARN_NON_LITERAL_NULL_CONVERSION = YES;
				CLANG_WARN_OBJC_IMPLICIT_RETAIN_SELF = YES;
				CLANG_WARN_OBJC_LITERAL_CONVERSION = YES;
				CLANG_WARN_OBJC_ROOT_CLASS = YES_ERROR;
				CLANG_WARN_QUOTED_INCLUDE_IN_FRAMEWORK_HEADER = YES;
				CLANG_WARN_RANGE_LOOP_ANALYSIS = YES;
				CLANG_WARN_STRICT_PROTOTYPES = YES;
				CLANG_WARN_SUSPICIOUS_MOVE = YES;
				CLANG_WARN_UNGUARDED_AVAILABILITY = YES_AGGRESSIVE;
				CLANG_WARN_UNREACHABLE_CODE = YES;
				CLANG_WARN__DUPLICATE_METHOD_MATCH = YES;
				COPY_PHASE_STRIP = NO;
				DEBUG_INFORMATION_FORMAT = dwarf;
				ENABLE_STRICT_OBJC_MSGSEND = YES;
				ENABLE_TESTABILITY = YES;
				ENABLE_USER_SCRIPT_SANDBOXING = YES;
				GCC_C_LANGUAGE_STANDARD = gnu17;
				GCC_DYNAMIC_NO_PIC = NO;
				GCC_NO_COMMON_BLOCKS = YES;
				GCC_OPTIMIZATION_LEVEL = 0;
				GCC_PREPROCESSOR_DEFINITIONS = (
					"DEBUG=1",
					"$(inherited)",
				);
				GCC_WARN_64_TO_32_BIT_CONVERSION = YES;
				GCC_WARN_ABOUT_RETURN_TYPE = YES_ERROR;
				GCC_WARN_UNDECLARED_SELECTOR = YES;
				GCC_WARN_UNINITIALIZED_AUTOS = YES_AGGRESSIVE;
				GCC_WARN_UNUSED_FUNCTION = YES;
				GCC_WARN_UNUSED_VARIABLE = YES;
				IPHONEOS_DEPLOYMENT_TARGET = 17.4;
				LOCALIZATION_PREFERS_STRING_CATALOGS = YES;
				MTL_ENABLE_DEBUG_INFO = INCLUDE_SOURCE;
				MTL_FAST_MATH = YES;
				ONLY_ACTIVE_ARCH = YES;
				SDKROOT = iphoneos;
				SWIFT_ACTIVE_COMPILATION_CONDITIONS = "DEBUG $(inherited)";
				SWIFT_OPTIMIZATION_LEVEL = "-Onone";
			};
			name = Debug;
		};
		3F8A1B392BC183FC001C17BD /* Release */ = {
			isa = XCBuildConfiguration;
			buildSettings = {
				ALWAYS_SEARCH_USER_PATHS = NO;
				ASSETCATALOG_COMPILER_GENERATE_SWIFT_ASSET_SYMBOL_EXTENSIONS = YES;
				CLANG_ANALYZER_NONNULL = YES;
				CLANG_ANALYZER_NUMBER_OBJECT_CONVERSION = YES_AGGRESSIVE;
				CLANG_CXX_LANGUAGE_STANDARD = "gnu++20";
				CLANG_ENABLE_MODULES = YES;
				CLANG_ENABLE_OBJC_ARC = YES;
				CLANG_ENABLE_OBJC_WEAK = YES;
				CLANG_WARN_BLOCK_CAPTURE_AUTORELEASING = YES;
				CLANG_WARN_BOOL_CONVERSION = YES;
				CLANG_WARN_COMMA = YES;
				CLANG_WARN_CONSTANT_CONVERSION = YES;
				CLANG_WARN_DEPRECATED_OBJC_IMPLEMENTATIONS = YES;
				CLANG_WARN_DIRECT_OBJC_ISA_USAGE = YES_ERROR;
				CLANG_WARN_DOCUMENTATION_COMMENTS = YES;
				CLANG_WARN_EMPTY_BODY = YES;
				CLANG_WARN_ENUM_CONVERSION = YES;
				CLANG_WARN_INFINITE_RECURSION = YES;
				CLANG_WARN_INT_CONVERSION = YES;
				CLANG_WARN_NON_LITERAL_NULL_CONVERSION = YES;
				CLANG_WARN_OBJC_IMPLICIT_RETAIN_SELF = YES;
				CLANG_WARN_OBJC_LITERAL_CONVERSION = YES;
				CLANG_WARN_OBJC_ROOT_CLASS = YES_ERROR;
				CLANG_WARN_QUOTED_INCLUDE_IN_FRAMEWORK_HEADER = YES;
				CLANG_WARN_RANGE_LOOP_ANALYSIS = YES;
				CLANG_WARN_STRICT_PROTOTYPES = YES;
				CLANG_WARN_SUSPICIOUS_MOVE = YES;
				CLANG_WARN_UNGUARDED_AVAILABILITY = YES_AGGRESSIVE;
				CLANG_WARN_UNREACHABLE_CODE = YES;
				CLANG_WARN__DUPLICATE_METHOD_MATCH = YES;
				COPY_PHASE_STRIP = NO;
				DEBUG_INFORMATION_FORMAT = "dwarf-with-dsym";
				ENABLE_NS_ASSERTIONS = NO;
				ENABLE_STRICT_OBJC_MSGSEND = YES;
				ENABLE_USER_SCRIPT_SANDBOXING = YES;
				GCC_C_LANGUAGE_STANDARD = gnu17;
				GCC_NO_COMMON_BLOCKS = YES;
				GCC_WARN_64_TO_32_BIT_CONVERSION = YES;
				GCC_WARN_ABOUT_RETURN_TYPE = YES_ERROR;
				GCC_WARN_UNDECLARED_SELECTOR = YES;
				GCC_WARN_UNINITIALIZED_AUTOS = YES_AGGRESSIVE;
				GCC_WARN_UNUSED_FUNCTION = YES;
				GCC_WARN_UNUSED_VARIABLE = YES;
				IPHONEOS_DEPLOYMENT_TARGET = 17.4;
				LOCALIZATION_PREFERS_STRING_CATALOGS = YES;
				MTL_ENABLE_DEBUG_INFO = NO;
				MTL_FAST_MATH = YES;
				SDKROOT = iphoneos;
				SWIFT_COMPILATION_MODE = wholemodule;
				VALIDATE_PRODUCT = YES;
			};
			name = Release;
		};
		3F8A1B3B2BC183FC001C17BD /* Debug */ = {
			isa = XCBuildConfiguration;
			buildSettings = {
				ASSETCATALOG_COMPILER_APPICON_NAME = AppIcon;
				ASSETCATALOG_COMPILER_GLOBAL_ACCENT_COLOR_NAME = AccentColor;
				CODE_SIGN_STYLE = Automatic;
				CURRENT_PROJECT_VERSION = 1;
				GENERATE_INFOPLIST_FILE = YES;
				INFOPLIST_FILE = "Guided Project - Personality Quiz/Info.plist";
				INFOPLIST_KEY_UIApplicationSupportsIndirectInputEvents = YES;
				INFOPLIST_KEY_UILaunchStoryboardName = LaunchScreen;
				INFOPLIST_KEY_UIMainStoryboardFile = Main;
				INFOPLIST_KEY_UISupportedInterfaceOrientations_iPad = "UIInterfaceOrientationPortrait UIInterfaceOrientationPortraitUpsideDown UIInterfaceOrientationLandscapeLeft UIInterfaceOrientationLandscapeRight";
				INFOPLIST_KEY_UISupportedInterfaceOrientations_iPhone = "UIInterfaceOrientationPortrait UIInterfaceOrientationLandscapeLeft UIInterfaceOrientationLandscapeRight";
				LD_RUNPATH_SEARCH_PATHS = (
					"$(inherited)",
					"@executable_path/Frameworks",
				);
				MARKETING_VERSION = 1.0;
				PRODUCT_BUNDLE_IDENTIFIER = "com.lab.Guided-Project---Personality-Quiz";
				PRODUCT_NAME = "$(TARGET_NAME)";
				SWIFT_EMIT_LOC_STRINGS = YES;
				SWIFT_VERSION = 5.0;
				TARGETED_DEVICE_FAMILY = "1,2";
			};
			name = Debug;
		};
		3F8A1B3C2BC183FC001C17BD /* Release */ = {
			isa = XCBuildConfiguration;
			buildSettings = {
				ASSETCATALOG_COMPILER_APPICON_NAME = AppIcon;
				ASSETCATALOG_COMPILER_GLOBAL_ACCENT_COLOR_NAME = AccentColor;
				CODE_SIGN_STYLE = Automatic;
				CURRENT_PROJECT_VERSION = 1;
				GENERATE_INFOPLIST_FILE = YES;
				INFOPLIST_FILE = "Guided Project - Personality Quiz/Info.plist";
				INFOPLIST_KEY_UIApplicationSupportsIndirectInputEvents = YES;
				INFOPLIST_KEY_UILaunchStoryboardName = LaunchScreen;
				INFOPLIST_KEY_UIMainStoryboardFile = Main;
				INFOPLIST_KEY_UISupportedInterfaceOrientations_iPad = "UIInterfaceOrientationPortrait UIInterfaceOrientationPortraitUpsideDown UIInterfaceOrientationLandscapeLeft UIInterfaceOrientationLandscapeRight";
				INFOPLIST_KEY_UISupportedInterfaceOrientations_iPhone = "UIInterfaceOrientationPortrait UIInterfaceOrientationLandscapeLeft UIInterfaceOrientationLandscapeRight";
				LD_RUNPATH_SEARCH_PATHS = (
					"$(inherited)",
					"@executable_path/Frameworks",
				);
				MARKETING_VERSION = 1.0;
				PRODUCT_BUNDLE_IDENTIFIER = "com.lab.Guided-Project---Personality-Quiz";
				PRODUCT_NAME = "$(TARGET_NAME)";
				SWIFT_EMIT_LOC_STRINGS = YES;
				SWIFT_VERSION = 5.0;
				TARGETED_DEVICE_FAMILY = "1,2";
			};
			name = Release;
		};
/* End XCBuildConfiguration section */

/* Begin XCConfigurationList section */
		3F8A1B212BC183FA001C17BD /* Build configuration list for PBXProject "Guided Project - Personality Quiz" */ = {
			isa = XCConfigurationList;
			buildConfigurations = (
				3F8A1B382BC183FC001C17BD /* Debug */,
				3F8A1B392BC183FC001C17BD /* Release */,
			);
			defaultConfigurationIsVisible = 0;
			defaultConfigurationName = Release;
		};
		3F8A1B3A2BC183FC001C17BD /* Build configuration list for PBXNativeTarget "Guided Project - Personality Quiz" */ = {
			isa = XCConfigurationList;
			buildConfigurations = (
				3F8A1B3B2BC183FC001C17BD /* Debug */,
				3F8A1B3C2BC183FC001C17BD /* Release */,
			);
			defaultConfigurationIsVisible = 0;
			defaultConfigurationName = Release;
		};
/* End XCConfigurationList section */
	};
	rootObject = 3F8A1B1E2BC183FA001C17BD /* Project object */;
}
