// !$*UTF8*$!
{
	archiveVersion = 1;
	classes = {
	};
	objectVersion = 54;
	objects = {

/* Begin PBXBuildFile section */
		1830B16623A3064200FF29B5 /* AppDelegate.swift in Sources */ = {isa = PBXBuildFile; fileRef = 1830B16523A3064200FF29B5 /* AppDelegate.swift */; };
		1830B16823A3064200FF29B5 /* SceneDelegate.swift in Sources */ = {isa = PBXBuildFile; fileRef = 1830B16723A3064200FF29B5 /* SceneDelegate.swift */; };
		1830B16D23A3064200FF29B5 /* Main.storyboard in Resources */ = {isa = PBXBuildFile; fileRef = 1830B16B23A3064200FF29B5 /* Main.storyboard */; };
		1830B16F23A3064300FF29B5 /* Assets.xcassets in Resources */ = {isa = PBXBuildFile; fileRef = 1830B16E23A3064300FF29B5 /* Assets.xcassets */; };
		1830B17223A3064300FF29B5 /* LaunchScreen.storyboard in Resources */ = {isa = PBXBuildFile; fileRef = 1830B17023A3064300FF29B5 /* LaunchScreen.storyboard */; };
		1830B17A23A3067E00FF29B5 /* AthleteTableViewController.swift in Sources */ = {isa = PBXBuildFile; fileRef = 1830B17923A3067E00FF29B5 /* AthleteTableViewController.swift */; };
		3F9728E22BBBCCFE009BCEFD /* Athlete.swift in Sources */ = {isa = PBXBuildFile; fileRef = 3F9728E12BBBCCFE009BCEFD /* Athlete.swift */; };
		3F9728E42BBBD585009BCEFD /* AthleteFormViewController.swift in Sources */ = {isa = PBXBuildFile; fileRef = 3F9728E32BBBD585009BCEFD /* AthleteFormViewController.swift */; };
/* End PBXBuildFile section */

/* Begin PBXFileReference section */
		1830B16223A3064200FF29B5 /* FavoriteAthlete.app */ = {isa = PBXFileReference; explicitFileType = wrapper.application; includeInIndex = 0; path = FavoriteAthlete.app; sourceTree = BUILT_PRODUCTS_DIR; };
		1830B16523A3064200FF29B5 /* AppDelegate.swift */ = {isa = PBXFileReference; lastKnownFileType = sourcecode.swift; path = AppDelegate.swift; sourceTree = "<group>"; };
		1830B16723A3064200FF29B5 /* SceneDelegate.swift */ = {isa = PBXFileReference; lastKnownFileType = sourcecode.swift; path = SceneDelegate.swift; sourceTree = "<group>"; };
		1830B16C23A3064200FF29B5 /* Base */ = {isa = PBXFileReference; lastKnownFileType = file.storyboard; name = Base; path = Base.lproj/Main.storyboard; sourceTree = "<group>"; };
		1830B16E23A3064300FF29B5 /* Assets.xcassets */ = {isa = PBXFileReference; lastKnownFileType = folder.assetcatalog; path = Assets.xcassets; sourceTree = "<group>"; };
		1830B17123A3064300FF29B5 /* Base */ = {isa = PBXFileReference; lastKnownFileType = file.storyboard; name = Base; path = Base.lproj/LaunchScreen.storyboard; sourceTree = "<group>"; };
		1830B17323A3064300FF29B5 /* Info.plist */ = {isa = PBXFileReference; lastKnownFileType = text.plist.xml; path = Info.plist; sourceTree = "<group>"; };
		1830B17923A3067E00FF29B5 /* AthleteTableViewController.swift */ = {isa = PBXFileReference; lastKnownFileType = sourcecode.swift; path = AthleteTableViewController.swift; sourceTree = "<group>"; };
		3F9728E12BBBCCFE009BCEFD /* Athlete.swift */ = {isa = PBXFileReference; lastKnownFileType = sourcecode.swift; path = Athlete.swift; sourceTree = "<group>"; };
		3F9728E32BBBD585009BCEFD /* AthleteFormViewController.swift */ = {isa = PBXFileReference; lastKnownFileType = sourcecode.swift; path = AthleteFormViewController.swift; sourceTree = "<group>"; };
/* End PBXFileReference section */

/* Begin PBXFrameworksBuildPhase section */
		1830B15F23A3064200FF29B5 /* Frameworks */ = {
			isa = PBXFrameworksBuildPhase;
			buildActionMask = 2147483647;
			files = (
			);
			runOnlyForDeploymentPostprocessing = 0;
		};
/* End PBXFrameworksBuildPhase section */

/* Begin PBXGroup section */
		1830B15923A3064200FF29B5 = {
			isa = PBXGroup;
			children = (
				3F9728E32BBBD585009BCEFD /* AthleteFormViewController.swift */,
				3F9728E12BBBCCFE009BCEFD /* Athlete.swift */,
				1830B16423A3064200FF29B5 /* FavoriteAthlete */,
				1830B16323A3064200FF29B5 /* Products */,
			);
			sourceTree = "<group>";
		};
		1830B16323A3064200FF29B5 /* Products */ = {
			isa = PBXGroup;
			children = (
				1830B16223A3064200FF29B5 /* FavoriteAthlete.app */,
			);
			name = Products;
			sourceTree = "<group>";
		};
		1830B16423A3064200FF29B5 /* FavoriteAthlete */ = {
			isa = PBXGroup;
			children = (
				1830B16523A3064200FF29B5 /* AppDelegate.swift */,
				1830B16723A3064200FF29B5 /* SceneDelegate.swift */,
				1830B17923A3067E00FF29B5 /* AthleteTableViewController.swift */,
				1830B16B23A3064200FF29B5 /* Main.storyboard */,
				1830B16E23A3064300FF29B5 /* Assets.xcassets */,
				1830B17023A3064300FF29B5 /* LaunchScreen.storyboard */,
				1830B17323A3064300FF29B5 /* Info.plist */,
			);
			path = FavoriteAthlete;
			sourceTree = "<group>";
		};
/* End PBXGroup section */

/* Begin PBXNativeTarget section */
		1830B16123A3064200FF29B5 /* FavoriteAthlete */ = {
			isa = PBXNativeTarget;
			buildConfigurationList = 1830B17623A3064300FF29B5 /* Build configuration list for PBXNativeTarget "FavoriteAthlete" */;
			buildPhases = (
				1830B15E23A3064200FF29B5 /* Sources */,
				1830B15F23A3064200FF29B5 /* Frameworks */,
				1830B16023A3064200FF29B5 /* Resources */,
			);
			buildRules = (
			);
			dependencies = (
			);
			name = FavoriteAthlete;
			productName = FavoriteAthlete;
			productReference = 1830B16223A3064200FF29B5 /* FavoriteAthlete.app */;
			productType = "com.apple.product-type.application";
		};
/* End PBXNativeTarget section */

/* Begin PBXProject section */
		1830B15A23A3064200FF29B5 /* Project object */ = {
			isa = PBXProject;
			attributes = {
				BuildIndependentTargetsInParallel = YES;
				LastSwiftUpdateCheck = 1120;
				LastUpgradeCheck = 1530;
				TargetAttributes = {
					1830B16123A3064200FF29B5 = {
						CreatedOnToolsVersion = 11.2.1;
					};
				};
			};
			buildConfigurationList = 1830B15D23A3064200FF29B5 /* Build configuration list for PBXProject "FavoriteAthlete" */;
			compatibilityVersion = "Xcode 9.3";
			developmentRegion = en;
			hasScannedForEncodings = 0;
			knownRegions = (
				en,
				Base,
			);
			mainGroup = 1830B15923A3064200FF29B5;
			productRefGroup = 1830B16323A3064200FF29B5 /* Products */;
			projectDirPath = "";
			projectRoot = "";
			targets = (
				1830B16123A3064200FF29B5 /* FavoriteAthlete */,
			);
		};
/* End PBXProject section */

/* Begin PBXResourcesBuildPhase section */
		1830B16023A3064200FF29B5 /* Resources */ = {
			isa = PBXResourcesBuildPhase;
			buildActionMask = 2147483647;
			files = (
				1830B17223A3064300FF29B5 /* LaunchScreen.storyboard in Resources */,
				1830B16F23A3064300FF29B5 /* Assets.xcassets in Resources */,
				1830B16D23A3064200FF29B5 /* Main.storyboard in Resources */,
			);
			runOnlyForDeploymentPostprocessing = 0;
		};
/* End PBXResourcesBuildPhase section */

/* Begin PBXSourcesBuildPhase section */
		1830B15E23A3064200FF29B5 /* Sources */ = {
			isa = PBXSourcesBuildPhase;
			buildActionMask = 2147483647;
			files = (
				3F9728E42BBBD585009BCEFD /* AthleteFormViewController.swift in Sources */,
				1830B16623A3064200FF29B5 /* AppDelegate.swift in Sources */,
				1830B16823A3064200FF29B5 /* SceneDelegate.swift in Sources */,
				1830B17A23A3067E00FF29B5 /* AthleteTableViewController.swift in Sources */,
				3F9728E22BBBCCFE009BCEFD /* Athlete.swift in Sources */,
			);
			runOnlyForDeploymentPostprocessing = 0;
		};
/* End PBXSourcesBuildPhase section */

/* Begin PBXVariantGroup section */
		1830B16B23A3064200FF29B5 /* Main.storyboard */ = {
			isa = PBXVariantGroup;
			children = (
				1830B16C23A3064200FF29B5 /* Base */,
			);
			name = Main.storyboard;
			sourceTree = "<group>";
		};
		1830B17023A3064300FF29B5 /* LaunchScreen.storyboard */ = {
			isa = PBXVariantGroup;
			children = (
				1830B17123A3064300FF29B5 /* Base */,
			);
			name = LaunchScreen.storyboard;
			sourceTree = "<group>";
		};
/* End PBXVariantGroup section */

/* Begin XCBuildConfiguration section */
		1830B17423A3064300FF29B5 /* Debug */ = {
			isa = XCBuildConfiguration;
			buildSettings = {
				ALWAYS_SEARCH_USER_PATHS = NO;
				CLANG_ANALYZER_NONNULL = YES;
				CLANG_ANALYZER_NUMBER_OBJECT_CONVERSION = YES_AGGRESSIVE;
				CLANG_CXX_LANGUAGE_STANDARD = "gnu++14";
				CLANG_CXX_LIBRARY = "libc++";
				CLANG_ENABLE_MODULES = YES;
				CLANG_ENABLE_OBJC_ARC = YES;
				CLANG_ENABLE_OBJC_WEAK = YES;
				CLANG_WARN_BLOCK_CAPTURE_AUTORELEASING = YES;
				CLANG_WARN_BOOL_CONVERSION = YES;
				CLANG_WARN_COMMA = YES;
				CLANG_WARN_CONSTANT_CONVERSION = YES;
				CLANG_WARN_DEPRECATED_OBJC_IMPLEMENTATIONS = YES;
				CLANG_WARN_DIRECT_OBJC_ISA_USAGE = YES_ERROR;
				CLANG_WARN_DOCUMENTATION_COMMENTS = YES;
				CLANG_WARN_EMPTY_BODY = YES;
				CLANG_WARN_ENUM_CONVERSION = YES;
				CLANG_WARN_INFINITE_RECURSION = YES;
				CLANG_WARN_INT_CONVERSION = YES;
				CLANG_WARN_NON_LITERAL_NULL_CONVERSION = YES;
				CLANG_WARN_OBJC_IMPLICIT_RETAIN_SELF = YES;
				CLANG_WARN_OBJC_LITERAL_CONVERSION = YES;
				CLANG_WARN_OBJC_ROOT_CLASS = YES_ERROR;
				CLANG_WARN_QUOTED_INCLUDE_IN_FRAMEWORK_HEADER = YES;
				CLANG_WARN_RANGE_LOOP_ANALYSIS = YES;
				CLANG_WARN_STRICT_PROTOTYPES = YES;
				CLANG_WARN_SUSPICIOUS_MOVE = YES;
				CLANG_WARN_UNGUARDED_AVAILABILITY = YES_AGGRESSIVE;
				CLANG_WARN_UNREACHABLE_CODE = YES;
				CLANG_WARN__DUPLICATE_METHOD_MATCH = YES;
				COPY_PHASE_STRIP = NO;
				DEBUG_INFORMATION_FORMAT = dwarf;
				ENABLE_STRICT_OBJC_MSGSEND = YES;
				ENABLE_TESTABILITY = YES;
				ENABLE_USER_SCRIPT_SANDBOXING = YES;
				GCC_C_LANGUAGE_STANDARD = gnu11;
				GCC_DYNAMIC_NO_PIC = NO;
				GCC_NO_COMMON_BLOCKS = YES;
				GCC_OPTIMIZATION_LEVEL = 0;
				GCC_PREPROCESSOR_DEFINITIONS = (
					"DEBUG=1",
					"$(inherited)",
				);
				GCC_WARN_64_TO_32_BIT_CONVERSION = YES;
				GCC_WARN_ABOUT_RETURN_TYPE = YES_ERROR;
				GCC_WARN_UNDECLARED_SELECTOR = YES;
				GCC_WARN_UNINITIALIZED_AUTOS = YES_AGGRESSIVE;
				GCC_WARN_UNUSED_FUNCTION = YES;
				GCC_WARN_UNUSED_VARIABLE = YES;
				IPHONEOS_DEPLOYMENT_TARGET = 15.0;
				MTL_ENABLE_DEBUG_INFO = INCLUDE_SOURCE;
				MTL_FAST_MATH = YES;
				ONLY_ACTIVE_ARCH = YES;
				SDKROOT = iphoneos;
				SWIFT_ACTIVE_COMPILATION_CONDITIONS = DEBUG;
				SWIFT_OPTIMIZATION_LEVEL = "-Onone";
			};
			name = Debug;
		};
		1830B17523A3064300FF29B5 /* Release */ = {
			isa = XCBuildConfiguration;
			buildSettings = {
				ALWAYS_SEARCH_USER_PATHS = NO;
				CLANG_ANALYZER_NONNULL = YES;
				CLANG_ANALYZER_NUMBER_OBJECT_CONVERSION = YES_AGGRESSIVE;
				CLANG_CXX_LANGUAGE_STANDARD = "gnu++14";
				CLANG_CXX_LIBRARY = "libc++";
				CLANG_ENABLE_MODULES = YES;
				CLANG_ENABLE_OBJC_ARC = YES;
				CLANG_ENABLE_OBJC_WEAK = YES;
				CLANG_WARN_BLOCK_CAPTURE_AUTORELEASING = YES;
				CLANG_WARN_BOOL_CONVERSION = YES;
				CLANG_WARN_COMMA = YES;
				CLANG_WARN_CONSTANT_CONVERSION = YES;
				CLANG_WARN_DEPRECATED_OBJC_IMPLEMENTATIONS = YES;
				CLANG_WARN_DIRECT_OBJC_ISA_USAGE = YES_ERROR;
				CLANG_WARN_DOCUMENTATION_COMMENTS = YES;
				CLANG_WARN_EMPTY_BODY = YES;
				CLANG_WARN_ENUM_CONVERSION = YES;
				CLANG_WARN_INFINITE_RECURSION = YES;
				CLANG_WARN_INT_CONVERSION = YES;
				CLANG_WARN_NON_LITERAL_NULL_CONVERSION = YES;
				CLANG_WARN_OBJC_IMPLICIT_RETAIN_SELF = YES;
				CLANG_WARN_OBJC_LITERAL_CONVERSION = YES;
				CLANG_WARN_OBJC_ROOT_CLASS = YES_ERROR;
				CLANG_WARN_QUOTED_INCLUDE_IN_FRAMEWORK_HEADER = YES;
				CLANG_WARN_RANGE_LOOP_ANALYSIS = YES;
				CLANG_WARN_STRICT_PROTOTYPES = YES;
				CLANG_WARN_SUSPICIOUS_MOVE = YES;
				CLANG_WARN_UNGUARDED_AVAILABILITY = YES_AGGRESSIVE;
				CLANG_WARN_UNREACHABLE_CODE = YES;
				CLANG_WARN__DUPLICATE_METHOD_MATCH = YES;
				COPY_PHASE_STRIP = NO;
				DEBUG_INFORMATION_FORMAT = "dwarf-with-dsym";
				ENABLE_NS_ASSERTIONS = NO;
				ENABLE_STRICT_OBJC_MSGSEND = YES;
				ENABLE_USER_SCRIPT_SANDBOXING = YES;
				GCC_C_LANGUAGE_STANDARD = gnu11;
				GCC_NO_COMMON_BLOCKS = YES;
				GCC_WARN_64_TO_32_BIT_CONVERSION = YES;
				GCC_WARN_ABOUT_RETURN_TYPE = YES_ERROR;
				GCC_WARN_UNDECLARED_SELECTOR = YES;
				GCC_WARN_UNINITIALIZED_AUTOS = YES_AGGRESSIVE;
				GCC_WARN_UNUSED_FUNCTION = YES;
				GCC_WARN_UNUSED_VARIABLE = YES;
				IPHONEOS_DEPLOYMENT_TARGET = 15.0;
				MTL_ENABLE_DEBUG_INFO = NO;
				MTL_FAST_MATH = YES;
				SDKROOT = iphoneos;
				SWIFT_COMPILATION_MODE = wholemodule;
				SWIFT_OPTIMIZATION_LEVEL = "-O";
				VALIDATE_PRODUCT = YES;
			};
			name = Release;
		};
		1830B17723A3064300FF29B5 /* Debug */ = {
			isa = XCBuildConfiguration;
			buildSettings = {
				ASSETCATALOG_COMPILER_APPICON_NAME = AppIcon;
				CODE_SIGN_STYLE = Automatic;
				INFOPLIST_FILE = FavoriteAthlete/Info.plist;
				LD_RUNPATH_SEARCH_PATHS = (
					"$(inherited)",
					"@executable_path/Frameworks",
				);
				PRODUCT_BUNDLE_IDENTIFIER = com.example.FavoriteAthlete;
				PRODUCT_NAME = "$(TARGET_NAME)";
				SWIFT_VERSION = 5.0;
				TARGETED_DEVICE_FAMILY = "1,2";
			};
			name = Debug;
		};
		1830B17823A3064300FF29B5 /* Release */ = {
			isa = XCBuildConfiguration;
			buildSettings = {
				ASSETCATALOG_COMPILER_APPICON_NAME = AppIcon;
				CODE_SIGN_STYLE = Automatic;
				INFOPLIST_FILE = FavoriteAthlete/Info.plist;
				LD_RUNPATH_SEARCH_PATHS = (
					"$(inherited)",
					"@executable_path/Frameworks",
				);
				PRODUCT_BUNDLE_IDENTIFIER = com.example.FavoriteAthlete;
				PRODUCT_NAME = "$(TARGET_NAME)";
				SWIFT_VERSION = 5.0;
				TARGETED_DEVICE_FAMILY = "1,2";
			};
			name = Release;
		};
/* End XCBuildConfiguration section */

/* Begin XCConfigurationList section */
		1830B15D23A3064200FF29B5 /* Build configuration list for PBXProject "FavoriteAthlete" */ = {
			isa = XCConfigurationList;
			buildConfigurations = (
				1830B17423A3064300FF29B5 /* Debug */,
				1830B17523A3064300FF29B5 /* Release */,
			);
			defaultConfigurationIsVisible = 0;
			defaultConfigurationName = Release;
		};
		1830B17623A3064300FF29B5 /* Build configuration list for PBXNativeTarget "FavoriteAthlete" */ = {
			isa = XCConfigurationList;
			buildConfigurations = (
				1830B17723A3064300FF29B5 /* Debug */,
				1830B17823A3064300FF29B5 /* Release */,
			);
			defaultConfigurationIsVisible = 0;
			defaultConfigurationName = Release;
		};
/* End XCConfigurationList section */
	};
	rootObject = 1830B15A23A3064200FF29B5 /* Project object */;
}
