// !$*UTF8*$!
{
	archiveVersion = 1;
	classes = {
	};
	objectVersion = 56;
	objects = {

/* Begin PBXBuildFile section */
		3F79E4C02BBFB36F00320945 /* EmojiTableViewCell.swift in Sources */ = {isa = PBXBuildFile; fileRef = 3F79E4BF2BBFB36F00320945 /* EmojiTableViewCell.swift */; };
		3F8601AB2BBFBFFE004E3344 /* AddEditEmojiTableViewController.swift in Sources */ = {isa = PBXBuildFile; fileRef = 3F8601AA2BBFBFFE004E3344 /* AddEditEmojiTableViewController.swift */; };
		3FD179352BBD33A200B39E47 /* AppDelegate.swift in Sources */ = {isa = PBXBuildFile; fileRef = 3FD179342BBD33A200B39E47 /* AppDelegate.swift */; };
		3FD179372BBD33A200B39E47 /* SceneDelegate.swift in Sources */ = {isa = PBXBuildFile; fileRef = 3FD179362BBD33A200B39E47 /* SceneDelegate.swift */; };
		3FD1793C2BBD33A200B39E47 /* Base in Resources */ = {isa = PBXBuildFile; fileRef = 3FD1793B2BBD33A200B39E47 /* Base */; };
		3FD1793E2BBD33A300B39E47 /* Assets.xcassets in Resources */ = {isa = PBXBuildFile; fileRef = 3FD1793D2BBD33A300B39E47 /* Assets.xcassets */; };
		3FD179412BBD33A300B39E47 /* Base in Resources */ = {isa = PBXBuildFile; fileRef = 3FD179402BBD33A300B39E47 /* Base */; };
		3FD1794B2BBD36F900B39E47 /* Emoji.swift in Sources */ = {isa = PBXBuildFile; fileRef = 3FD1794A2BBD36F900B39E47 /* Emoji.swift */; };
		3FD1794D2BBD37F300B39E47 /* EmojiTableTableViewController.swift in Sources */ = {isa = PBXBuildFile; fileRef = 3FD1794C2BBD37F300B39E47 /* EmojiTableTableViewController.swift */; };
/* End PBXBuildFile section */

/* Begin PBXFileReference section */
		3F79E4BF2BBFB36F00320945 /* EmojiTableViewCell.swift */ = {isa = PBXFileReference; lastKnownFileType = sourcecode.swift; path = EmojiTableViewCell.swift; sourceTree = "<group>"; };
		3F8601AA2BBFBFFE004E3344 /* AddEditEmojiTableViewController.swift */ = {isa = PBXFileReference; lastKnownFileType = sourcecode.swift; path = AddEditEmojiTableViewController.swift; sourceTree = "<group>"; };
		3FD179312BBD33A200B39E47 /* Imoji Dictionary.app */ = {isa = PBXFileReference; explicitFileType = wrapper.application; includeInIndex = 0; path = "Imoji Dictionary.app"; sourceTree = BUILT_PRODUCTS_DIR; };
		3FD179342BBD33A200B39E47 /* AppDelegate.swift */ = {isa = PBXFileReference; lastKnownFileType = sourcecode.swift; path = AppDelegate.swift; sourceTree = "<group>"; };
		3FD179362BBD33A200B39E47 /* SceneDelegate.swift */ = {isa = PBXFileReference; lastKnownFileType = sourcecode.swift; path = SceneDelegate.swift; sourceTree = "<group>"; };
		3FD1793B2BBD33A200B39E47 /* Base */ = {isa = PBXFileReference; lastKnownFileType = file.storyboard; name = Base; path = Base.lproj/Main.storyboard; sourceTree = "<group>"; };
		3FD1793D2BBD33A300B39E47 /* Assets.xcassets */ = {isa = PBXFileReference; lastKnownFileType = folder.assetcatalog; path = Assets.xcassets; sourceTree = "<group>"; };
		3FD179402BBD33A300B39E47 /* Base */ = {isa = PBXFileReference; lastKnownFileType = file.storyboard; name = Base; path = Base.lproj/LaunchScreen.storyboard; sourceTree = "<group>"; };
		3FD179422BBD33A300B39E47 /* Info.plist */ = {isa = PBXFileReference; lastKnownFileType = text.plist.xml; path = Info.plist; sourceTree = "<group>"; };
		3FD1794A2BBD36F900B39E47 /* Emoji.swift */ = {isa = PBXFileReference; lastKnownFileType = sourcecode.swift; path = Emoji.swift; sourceTree = "<group>"; };
		3FD1794C2BBD37F300B39E47 /* EmojiTableTableViewController.swift */ = {isa = PBXFileReference; lastKnownFileType = sourcecode.swift; path = EmojiTableTableViewController.swift; sourceTree = "<group>"; };
/* End PBXFileReference section */

/* Begin PBXFrameworksBuildPhase section */
		3FD1792E2BBD33A200B39E47 /* Frameworks */ = {
			isa = PBXFrameworksBuildPhase;
			buildActionMask = 2147483647;
			files = (
			);
			runOnlyForDeploymentPostprocessing = 0;
		};
/* End PBXFrameworksBuildPhase section */

/* Begin PBXGroup section */
		3FD179282BBD33A200B39E47 = {
			isa = PBXGroup;
			children = (
				3FD179332BBD33A200B39E47 /* Imoji Dictionary */,
				3FD179322BBD33A200B39E47 /* Products */,
			);
			sourceTree = "<group>";
		};
		3FD179322BBD33A200B39E47 /* Products */ = {
			isa = PBXGroup;
			children = (
				3FD179312BBD33A200B39E47 /* Imoji Dictionary.app */,
			);
			name = Products;
			sourceTree = "<group>";
		};
		3FD179332BBD33A200B39E47 /* Imoji Dictionary */ = {
			isa = PBXGroup;
			children = (
				3FD179342BBD33A200B39E47 /* AppDelegate.swift */,
				3FD179362BBD33A200B39E47 /* SceneDelegate.swift */,
				3FD1793A2BBD33A200B39E47 /* Main.storyboard */,
				3FD1793D2BBD33A300B39E47 /* Assets.xcassets */,
				3FD1793F2BBD33A300B39E47 /* LaunchScreen.storyboard */,
				3FD179422BBD33A300B39E47 /* Info.plist */,
				3FD1794A2BBD36F900B39E47 /* Emoji.swift */,
				3FD1794C2BBD37F300B39E47 /* EmojiTableTableViewController.swift */,
				3F79E4BF2BBFB36F00320945 /* EmojiTableViewCell.swift */,
				3F8601AA2BBFBFFE004E3344 /* AddEditEmojiTableViewController.swift */,
			);
			path = "Imoji Dictionary";
			sourceTree = "<group>";
		};
/* End PBXGroup section */

/* Begin PBXNativeTarget section */
		3FD179302BBD33A200B39E47 /* Imoji Dictionary */ = {
			isa = PBXNativeTarget;
			buildConfigurationList = 3FD179452BBD33A300B39E47 /* Build configuration list for PBXNativeTarget "Imoji Dictionary" */;
			buildPhases = (
				3FD1792D2BBD33A200B39E47 /* Sources */,
				3FD1792E2BBD33A200B39E47 /* Frameworks */,
				3FD1792F2BBD33A200B39E47 /* Resources */,
			);
			buildRules = (
			);
			dependencies = (
			);
			name = "Imoji Dictionary";
			productName = "Imoji Dictionary";
			productReference = 3FD179312BBD33A200B39E47 /* Imoji Dictionary.app */;
			productType = "com.apple.product-type.application";
		};
/* End PBXNativeTarget section */

/* Begin PBXProject section */
		3FD179292BBD33A200B39E47 /* Project object */ = {
			isa = PBXProject;
			attributes = {
				BuildIndependentTargetsInParallel = 1;
				LastSwiftUpdateCheck = 1530;
				LastUpgradeCheck = 1530;
				TargetAttributes = {
					3FD179302BBD33A200B39E47 = {
						CreatedOnToolsVersion = 15.3;
					};
				};
			};
			buildConfigurationList = 3FD1792C2BBD33A200B39E47 /* Build configuration list for PBXProject "Imoji Dictionary" */;
			compatibilityVersion = "Xcode 14.0";
			developmentRegion = en;
			hasScannedForEncodings = 0;
			knownRegions = (
				en,
				Base,
			);
			mainGroup = 3FD179282BBD33A200B39E47;
			productRefGroup = 3FD179322BBD33A200B39E47 /* Products */;
			projectDirPath = "";
			projectRoot = "";
			targets = (
				3FD179302BBD33A200B39E47 /* Imoji Dictionary */,
			);
		};
/* End PBXProject section */

/* Begin PBXResourcesBuildPhase section */
		3FD1792F2BBD33A200B39E47 /* Resources */ = {
			isa = PBXResourcesBuildPhase;
			buildActionMask = 2147483647;
			files = (
				3FD1793E2BBD33A300B39E47 /* Assets.xcassets in Resources */,
				3FD179412BBD33A300B39E47 /* Base in Resources */,
				3FD1793C2BBD33A200B39E47 /* Base in Resources */,
			);
			runOnlyForDeploymentPostprocessing = 0;
		};
/* End PBXResourcesBuildPhase section */

/* Begin PBXSourcesBuildPhase section */
		3FD1792D2BBD33A200B39E47 /* Sources */ = {
			isa = PBXSourcesBuildPhase;
			buildActionMask = 2147483647;
			files = (
				3F8601AB2BBFBFFE004E3344 /* AddEditEmojiTableViewController.swift in Sources */,
				3FD1794B2BBD36F900B39E47 /* Emoji.swift in Sources */,
				3FD1794D2BBD37F300B39E47 /* EmojiTableTableViewController.swift in Sources */,
				3F79E4C02BBFB36F00320945 /* EmojiTableViewCell.swift in Sources */,
				3FD179352BBD33A200B39E47 /* AppDelegate.swift in Sources */,
				3FD179372BBD33A200B39E47 /* SceneDelegate.swift in Sources */,
			);
			runOnlyForDeploymentPostprocessing = 0;
		};
/* End PBXSourcesBuildPhase section */

/* Begin PBXVariantGroup section */
		3FD1793A2BBD33A200B39E47 /* Main.storyboard */ = {
			isa = PBXVariantGroup;
			children = (
				3FD1793B2BBD33A200B39E47 /* Base */,
			);
			name = Main.storyboard;
			sourceTree = "<group>";
		};
		3FD1793F2BBD33A300B39E47 /* LaunchScreen.storyboard */ = {
			isa = PBXVariantGroup;
			children = (
				3FD179402BBD33A300B39E47 /* Base */,
			);
			name = LaunchScreen.storyboard;
			sourceTree = "<group>";
		};
/* End PBXVariantGroup section */

/* Begin XCBuildConfiguration section */
		3FD179432BBD33A300B39E47 /* Debug */ = {
			isa = XCBuildConfiguration;
			buildSettings = {
				ALWAYS_SEARCH_USER_PATHS = NO;
				ASSETCATALOG_COMPILER_GENERATE_SWIFT_ASSET_SYMBOL_EXTENSIONS = YES;
				CLANG_ANALYZER_NONNULL = YES;
				CLANG_ANALYZER_NUMBER_OBJECT_CONVERSION = YES_AGGRESSIVE;
				CLANG_CXX_LANGUAGE_STANDARD = "gnu++20";
				CLANG_ENABLE_MODULES = YES;
				CLANG_ENABLE_OBJC_ARC = YES;
				CLANG_ENABLE_OBJC_WEAK = YES;
				CLANG_WARN_BLOCK_CAPTURE_AUTORELEASING = YES;
				CLANG_WARN_BOOL_CONVERSION = YES;
				CLANG_WARN_COMMA = YES;
				CLANG_WARN_CONSTANT_CONVERSION = YES;
				CLANG_WARN_DEPRECATED_OBJC_IMPLEMENTATIONS = YES;
				CLANG_WARN_DIRECT_OBJC_ISA_USAGE = YES_ERROR;
				CLANG_WARN_DOCUMENTATION_COMMENTS = YES;
				CLANG_WARN_EMPTY_BODY = YES;
				CLANG_WARN_ENUM_CONVERSION = YES;
				CLANG_WARN_INFINITE_RECURSION = YES;
				CLANG_WARN_INT_CONVERSION = YES;
				CLANG_WARN_NON_LITERAL_NULL_CONVERSION = YES;
				CLANG_WARN_OBJC_IMPLICIT_RETAIN_SELF = YES;
				CLANG_WARN_OBJC_LITERAL_CONVERSION = YES;
				CLANG_WARN_OBJC_ROOT_CLASS = YES_ERROR;
				CLANG_WARN_QUOTED_INCLUDE_IN_FRAMEWORK_HEADER = YES;
				CLANG_WARN_RANGE_LOOP_ANALYSIS = YES;
				CLANG_WARN_STRICT_PROTOTYPES = YES;
				CLANG_WARN_SUSPICIOUS_MOVE = YES;
				CLANG_WARN_UNGUARDED_AVAILABILITY = YES_AGGRESSIVE;
				CLANG_WARN_UNREACHABLE_CODE = YES;
				CLANG_WARN__DUPLICATE_METHOD_MATCH = YES;
				COPY_PHASE_STRIP = NO;
				DEBUG_INFORMATION_FORMAT = dwarf;
				ENABLE_STRICT_OBJC_MSGSEND = YES;
				ENABLE_TESTABILITY = YES;
				ENABLE_USER_SCRIPT_SANDBOXING = YES;
				GCC_C_LANGUAGE_STANDARD = gnu17;
				GCC_DYNAMIC_NO_PIC = NO;
				GCC_NO_COMMON_BLOCKS = YES;
				GCC_OPTIMIZATION_LEVEL = 0;
				GCC_PREPROCESSOR_DEFINITIONS = (
					"DEBUG=1",
					"$(inherited)",
				);
				GCC_WARN_64_TO_32_BIT_CONVERSION = YES;
				GCC_WARN_ABOUT_RETURN_TYPE = YES_ERROR;
				GCC_WARN_UNDECLARED_SELECTOR = YES;
				GCC_WARN_UNINITIALIZED_AUTOS = YES_AGGRESSIVE;
				GCC_WARN_UNUSED_FUNCTION = YES;
				GCC_WARN_UNUSED_VARIABLE = YES;
				IPHONEOS_DEPLOYMENT_TARGET = 17.4;
				LOCALIZATION_PREFERS_STRING_CATALOGS = YES;
				MTL_ENABLE_DEBUG_INFO = INCLUDE_SOURCE;
				MTL_FAST_MATH = YES;
				ONLY_ACTIVE_ARCH = YES;
				SDKROOT = iphoneos;
				SWIFT_ACTIVE_COMPILATION_CONDITIONS = "DEBUG $(inherited)";
				SWIFT_OPTIMIZATION_LEVEL = "-Onone";
			};
			name = Debug;
		};
		3FD179442BBD33A300B39E47 /* Release */ = {
			isa = XCBuildConfiguration;
			buildSettings = {
				ALWAYS_SEARCH_USER_PATHS = NO;
				ASSETCATALOG_COMPILER_GENERATE_SWIFT_ASSET_SYMBOL_EXTENSIONS = YES;
				CLANG_ANALYZER_NONNULL = YES;
				CLANG_ANALYZER_NUMBER_OBJECT_CONVERSION = YES_AGGRESSIVE;
				CLANG_CXX_LANGUAGE_STANDARD = "gnu++20";
				CLANG_ENABLE_MODULES = YES;
				CLANG_ENABLE_OBJC_ARC = YES;
				CLANG_ENABLE_OBJC_WEAK = YES;
				CLANG_WARN_BLOCK_CAPTURE_AUTORELEASING = YES;
				CLANG_WARN_BOOL_CONVERSION = YES;
				CLANG_WARN_COMMA = YES;
				CLANG_WARN_CONSTANT_CONVERSION = YES;
				CLANG_WARN_DEPRECATED_OBJC_IMPLEMENTATIONS = YES;
				CLANG_WARN_DIRECT_OBJC_ISA_USAGE = YES_ERROR;
				CLANG_WARN_DOCUMENTATION_COMMENTS = YES;
				CLANG_WARN_EMPTY_BODY = YES;
				CLANG_WARN_ENUM_CONVERSION = YES;
				CLANG_WARN_INFINITE_RECURSION = YES;
				CLANG_WARN_INT_CONVERSION = YES;
				CLANG_WARN_NON_LITERAL_NULL_CONVERSION = YES;
				CLANG_WARN_OBJC_IMPLICIT_RETAIN_SELF = YES;
				CLANG_WARN_OBJC_LITERAL_CONVERSION = YES;
				CLANG_WARN_OBJC_ROOT_CLASS = YES_ERROR;
				CLANG_WARN_QUOTED_INCLUDE_IN_FRAMEWORK_HEADER = YES;
				CLANG_WARN_RANGE_LOOP_ANALYSIS = YES;
				CLANG_WARN_STRICT_PROTOTYPES = YES;
				CLANG_WARN_SUSPICIOUS_MOVE = YES;
				CLANG_WARN_UNGUARDED_AVAILABILITY = YES_AGGRESSIVE;
				CLANG_WARN_UNREACHABLE_CODE = YES;
				CLANG_WARN__DUPLICATE_METHOD_MATCH = YES;
				COPY_PHASE_STRIP = NO;
				DEBUG_INFORMATION_FORMAT = "dwarf-with-dsym";
				ENABLE_NS_ASSERTIONS = NO;
				ENABLE_STRICT_OBJC_MSGSEND = YES;
				ENABLE_USER_SCRIPT_SANDBOXING = YES;
				GCC_C_LANGUAGE_STANDARD = gnu17;
				GCC_NO_COMMON_BLOCKS = YES;
				GCC_WARN_64_TO_32_BIT_CONVERSION = YES;
				GCC_WARN_ABOUT_RETURN_TYPE = YES_ERROR;
				GCC_WARN_UNDECLARED_SELECTOR = YES;
				GCC_WARN_UNINITIALIZED_AUTOS = YES_AGGRESSIVE;
				GCC_WARN_UNUSED_FUNCTION = YES;
				GCC_WARN_UNUSED_VARIABLE = YES;
				IPHONEOS_DEPLOYMENT_TARGET = 17.4;
				LOCALIZATION_PREFERS_STRING_CATALOGS = YES;
				MTL_ENABLE_DEBUG_INFO = NO;
				MTL_FAST_MATH = YES;
				SDKROOT = iphoneos;
				SWIFT_COMPILATION_MODE = wholemodule;
				VALIDATE_PRODUCT = YES;
			};
			name = Release;
		};
		3FD179462BBD33A300B39E47 /* Debug */ = {
			isa = XCBuildConfiguration;
			buildSettings = {
				ASSETCATALOG_COMPILER_APPICON_NAME = AppIcon;
				ASSETCATALOG_COMPILER_GLOBAL_ACCENT_COLOR_NAME = AccentColor;
				CODE_SIGN_STYLE = Automatic;
				CURRENT_PROJECT_VERSION = 1;
				GENERATE_INFOPLIST_FILE = YES;
				INFOPLIST_FILE = "Imoji Dictionary/Info.plist";
				INFOPLIST_KEY_UIApplicationSupportsIndirectInputEvents = YES;
				INFOPLIST_KEY_UILaunchStoryboardName = LaunchScreen;
				INFOPLIST_KEY_UIMainStoryboardFile = Main;
				INFOPLIST_KEY_UISupportedInterfaceOrientations_iPad = "UIInterfaceOrientationPortrait UIInterfaceOrientationPortraitUpsideDown UIInterfaceOrientationLandscapeLeft UIInterfaceOrientationLandscapeRight";
				INFOPLIST_KEY_UISupportedInterfaceOrientations_iPhone = "UIInterfaceOrientationPortrait UIInterfaceOrientationLandscapeLeft UIInterfaceOrientationLandscapeRight";
				LD_RUNPATH_SEARCH_PATHS = (
					"$(inherited)",
					"@executable_path/Frameworks",
				);
				MARKETING_VERSION = 1.0;
				PRODUCT_BUNDLE_IDENTIFIER = "com.example.Imoji-Dictionary";
				PRODUCT_NAME = "$(TARGET_NAME)";
				SWIFT_EMIT_LOC_STRINGS = YES;
				SWIFT_VERSION = 5.0;
				TARGETED_DEVICE_FAMILY = "1,2";
			};
			name = Debug;
		};
		3FD179472BBD33A300B39E47 /* Release */ = {
			isa = XCBuildConfiguration;
			buildSettings = {
				ASSETCATALOG_COMPILER_APPICON_NAME = AppIcon;
				ASSETCATALOG_COMPILER_GLOBAL_ACCENT_COLOR_NAME = AccentColor;
				CODE_SIGN_STYLE = Automatic;
				CURRENT_PROJECT_VERSION = 1;
				GENERATE_INFOPLIST_FILE = YES;
				INFOPLIST_FILE = "Imoji Dictionary/Info.plist";
				INFOPLIST_KEY_UIApplicationSupportsIndirectInputEvents = YES;
				INFOPLIST_KEY_UILaunchStoryboardName = LaunchScreen;
				INFOPLIST_KEY_UIMainStoryboardFile = Main;
				INFOPLIST_KEY_UISupportedInterfaceOrientations_iPad = "UIInterfaceOrientationPortrait UIInterfaceOrientationPortraitUpsideDown UIInterfaceOrientationLandscapeLeft UIInterfaceOrientationLandscapeRight";
				INFOPLIST_KEY_UISupportedInterfaceOrientations_iPhone = "UIInterfaceOrientationPortrait UIInterfaceOrientationLandscapeLeft UIInterfaceOrientationLandscapeRight";
				LD_RUNPATH_SEARCH_PATHS = (
					"$(inherited)",
					"@executable_path/Frameworks",
				);
				MARKETING_VERSION = 1.0;
				PRODUCT_BUNDLE_IDENTIFIER = "com.example.Imoji-Dictionary";
				PRODUCT_NAME = "$(TARGET_NAME)";
				SWIFT_EMIT_LOC_STRINGS = YES;
				SWIFT_VERSION = 5.0;
				TARGETED_DEVICE_FAMILY = "1,2";
			};
			name = Release;
		};
/* End XCBuildConfiguration section */

/* Begin XCConfigurationList section */
		3FD1792C2BBD33A200B39E47 /* Build configuration list for PBXProject "Imoji Dictionary" */ = {
			isa = XCConfigurationList;
			buildConfigurations = (
				3FD179432BBD33A300B39E47 /* Debug */,
				3FD179442BBD33A300B39E47 /* Release */,
			);
			defaultConfigurationIsVisible = 0;
			defaultConfigurationName = Release;
		};
		3FD179452BBD33A300B39E47 /* Build configuration list for PBXNativeTarget "Imoji Dictionary" */ = {
			isa = XCConfigurationList;
			buildConfigurations = (
				3FD179462BBD33A300B39E47 /* Debug */,
				3FD179472BBD33A300B39E47 /* Release */,
			);
			defaultConfigurationIsVisible = 0;
			defaultConfigurationName = Release;
		};
/* End XCConfigurationList section */
	};
	rootObject = 3FD179292BBD33A200B39E47 /* Project object */;
}
